{
  "requires": true,
  "lockfileVersion": 1,
  "dependencies": {
    "@types/jquery": {
      "version": "3.2.16",
      "resolved": "https://registry.npmjs.org/@types/jquery/-/jquery-3.2.16.tgz",
      "integrity": "sha512-q2WC02YxQoX2nY1HRKlYGHpGP1saPmD7GN0pwCDlTz35a4eOtJG+aHRlXyjCuXokUukSrR2aXyBhSW3j+jPc0A=="
    },
    "@types/jqueryui": {
      "version": "1.11.37",
      "resolved": "https://registry.npmjs.org/@types/jqueryui/-/jqueryui-1.11.37.tgz",
      "integrity": "sha512-aKT7dOhxYTTkLS43q5miBeuRpfyh916sgI7m/6EJJvJR6j36e5eRORONZyzD5twTLMdMw6uYR7vqhreIHps9tw==",
      "requires": {
        "@types/jquery": "3.2.16"
      }
    }
  }
}
