{
  "requires": true,
  "lockfileVersion": 1,
  "dependencies": {
    "@types/jquery": {
      "version": "3.3.1",
      "resolved": "https://registry.npmjs.org/@types/jquery/-/jquery-3.3.1.tgz",
      "integrity": "sha512-N3h+rzN518yl2xKrW0o6KKdNmWZ+OwG6SoM5TBEQFF0tTv5wXPEsoOuYQ2Kt3/89XbcSZUJLdjiT/2c3BR/ApQ=="
    },
    "@types/jqueryui": {
      "version": "1.12.2",
      "resolved": "https://registry.npmjs.org/@types/jqueryui/-/jqueryui-1.12.2.tgz",
      "integrity": "sha512-OZ3HZFxpyaoCgFO4qBliDS5QzeN+/X9Mr76VUD4L1TTOW0OYtnJl3bG4AfPI8Of7i0xgUA79Oo4KgteMnjllOQ==",
      "requires": {
        "@types/jquery": "3.3.1"
      }
    }
  }
}
